# SpiderFoot master @ 0f815a2 (MIT) под Python 3.12 и обёртка FastAPI.
# cryptography, pyOpenSSL, lxml и networkx подняты выше пинов upstream
# (cryptography<4 и pyOpenSSL<22 — версии с известными уязвимостями).
adblockparser==0.7
annotated-doc==0.0.5
annotated-types==0.8.0
anyio==4.15.1
beautifulsoup4==4.15.0
certifi==2026.7.22
cffi==2.1.1
charset-normalizer==3.5.1
cheroot==11.1.2
CherryPy==18.10.0
cherrypy-cors==1.7.0
click==8.5.0
cryptography==50.0.1
dnspython==2.8.0
et_xmlfile==2.0.0
ExifRead==2.3.2
fastapi==0.141.1
future==1.0.0
h11==0.16.0
httpagentparser==1.9.9
httpcore==1.0.9
httpx==0.28.1
idna==3.20
ipaddr==2.2.0
ipwhois==1.1.0
jaraco.collections==5.2.1
jaraco.context==6.1.2
jaraco.functools==4.6.0
jaraco.text==4.3.0
lxml==6.1.3
Mako==1.4.3
markdown-it-py==4.2.0
MarkupSafe==3.0.3
mdurl==0.1.2
more-itertools==11.1.0
netaddr==0.10.1
networkx==3.7
openpyxl==3.1.5
phonenumbers==8.13.55
pillow==12.3.0
portend==3.2.1
publicsuffixlist==0.9.4
pycparser==3.0
pydantic==2.13.5
pydantic_core==2.46.5
pygexf==0.2.2
Pygments==2.21.0
pyOpenSSL==26.4.0
PyPDF2==1.28.6
PySocks==1.7.1
python-dateutil==2.9.0.post0
python-docx==0.8.11
python-pptx==0.6.23
python-whois==0.7.3
PyYAML==6.0.3
requests==2.34.2
rich==15.0.0
secure==0.3.0
setuptools==84.0.0
shellingham==1.5.4
six==1.17.0
soupsieve==2.10
starlette==1.7.0
tempora==5.12.0
typer==0.27.2
typer-slim==0.24.0
typing-inspection==0.4.4
typing_extensions==4.16.0
urllib3==2.8.0
uvicorn==0.53.0
xlsxwriter==3.2.9
zc.lockfile==4.0
